{
  "name": "waterwise",
  "version": "1.0.0",
  "lockfileVersion": 1,
  "requires": true,
  "dependencies": {
    "@babel/runtime": {
      "version": "7.6.0",
      "resolved": "https://registry.npmjs.org/@babel/runtime/-/runtime-7.6.0.tgz",
      "integrity": "sha512-89eSBLJsxNxOERC0Op4vd+0Bqm6wRMqMbFtV3i0/fbaWw/mJ8Q3eBvgX0G4SyrOOLCtbu98HspF8o09MRT+KzQ==",
      "requires": {
        "regenerator-runtime": "^0.13.2"
      }
    },
    "@deck.gl/aggregation-layers": {
      "version": "7.2.3",
      "resolved": "https://registry.npmjs.org/@deck.gl/aggregation-layers/-/aggregation-layers-7.2.3.tgz",
      "integrity": "sha512-aLGHlRqeZe4TDtcFtotpnPUVv6SMZANFn9wzxRXyU3rVN5oBCOCRismftj/P+MuQmHNpG5rUAtzOc/SfR8Znfw==",
      "requires": {
        "d3-hexbin": "^0.2.1"
      }
    },
    "@deck.gl/core": {
      "version": "7.2.3",
      "resolved": "https://registry.npmjs.org/@deck.gl/core/-/core-7.2.3.tgz",
      "integrity": "sha512-ZKuijF1CibsHA2pk6Puvj9uawRAgksoTXVxBuAMASlQdNPF2P/Bi8Nhni7bhDcPiG9igGmiHArZq9rK6ldhZ7w==",
      "requires": {
        "@loaders.gl/core": "^1.2.0-beta.4",
        "@loaders.gl/images": "^1.2.0-beta.4",
        "@luma.gl/core": "^7.2.0",
        "gl-matrix": "^3.0.0",
        "math.gl": "^2.3.0",
        "mjolnir.js": "^2.1.2",
        "probe.gl": "^3.0.2",
        "seer": "^0.2.4",
        "viewport-mercator-project": "^6.1.0"
      }
    },
    "@deck.gl/extensions": {
      "version": "7.2.3",
      "resolved": "https://registry.npmjs.org/@deck.gl/extensions/-/extensions-7.2.3.tgz",
      "integrity": "sha512-z4VYmCVQ+CfmHwnI8bYXfvLdCD7cBb7uGLpNRA0VvNtmx/qhWyOMNe1HVh1lYRWFgLc3P+GEgCuM/IYBpnK1Xg=="
    },
    "@deck.gl/geo-layers": {
      "version": "7.2.3",
      "resolved": "https://registry.npmjs.org/@deck.gl/geo-layers/-/geo-layers-7.2.3.tgz",
      "integrity": "sha512-2vyRi06CKCePL+ppKghXWCMA/2BbrvGxFMNCnJ/6SxYxICdFLzrSz/VgTBcEWITeLMQ0yArCc7GytX4QWBuZvA==",
      "requires": {
        "h3-js": "^3.4.3",
        "long": "^3.2.0",
        "s2-geometry": "^1.2.10"
      }
    },
    "@deck.gl/google-maps": {
      "version": "7.2.3",
      "resolved": "https://registry.npmjs.org/@deck.gl/google-maps/-/google-maps-7.2.3.tgz",
      "integrity": "sha512-owZVIvZMNd+BNZMyYmh/G5Jt1DaJHmFLLG1pZb4KifMz9SujAZFw3i9RvDRl4KkLaJiVvbIbBJR+8gnOA3aDYw=="
    },
    "@deck.gl/json": {
      "version": "7.2.3",
      "resolved": "https://registry.npmjs.org/@deck.gl/json/-/json-7.2.3.tgz",
      "integrity": "sha512-Ak/MgUcD59AP/uApQlqG6hgOYfuWbgmiEO+Fl52luWyDm0WB5XZYzz/aLyryL4LjNQyE66ha35FnNJ0hBUY5cQ==",
      "requires": {
        "d3-dsv": "^1.0.8"
      }
    },
    "@deck.gl/layers": {
      "version": "7.2.3",
      "resolved": "https://registry.npmjs.org/@deck.gl/layers/-/layers-7.2.3.tgz",
      "integrity": "sha512-xYJvuQg2U/2ApeixDeWSTQSQMkNhEBO+0zkE1EmJPZl9eEdfyylBVHvyJfhBz52QQ3pExUw4WfwHjv+1+oQHrQ==",
      "requires": {
        "@loaders.gl/images": "^1.2.0-beta.4",
        "@mapbox/tiny-sdf": "^1.1.0",
        "earcut": "^2.0.6"
      }
    },
    "@deck.gl/mapbox": {
      "version": "7.2.3",
      "resolved": "https://registry.npmjs.org/@deck.gl/mapbox/-/mapbox-7.2.3.tgz",
      "integrity": "sha512-Ff7nVlJm1YWkS/1opTiUB5TDB5H61hZVyQW5ThlbAgu82mGOGJ/Mfv0jV5MLC+bvOLozhFeuggB/VL9wzRTiNA=="
    },
    "@deck.gl/mesh-layers": {
      "version": "7.2.3",
      "resolved": "https://registry.npmjs.org/@deck.gl/mesh-layers/-/mesh-layers-7.2.3.tgz",
      "integrity": "sha512-eM3iETKf7zFc5G/xnAyIjAXu9BkXHKb8Q3iJrYjsZ+esOMr7Z2dBRcs4vgerO38WUQ5ithp0CaqBeSvstG5tqg==",
      "requires": {
        "@luma.gl/addons": "^7.2.0"
      }
    },
    "@deck.gl/react": {
      "version": "7.2.3",
      "resolved": "https://registry.npmjs.org/@deck.gl/react/-/react-7.2.3.tgz",
      "integrity": "sha512-wQ1dvqyr+VuL6DPCfLKGUBFAzY/IK8jhGpvSQLEmDXki1gA3rWU5KlXSpLHLytL71hrHvxDFcioYyqG479ElOw==",
      "requires": {
        "prop-types": "^15.6.0"
      }
    },
    "@loaders.gl/core": {
      "version": "1.2.2",
      "resolved": "https://registry.npmjs.org/@loaders.gl/core/-/core-1.2.2.tgz",
      "integrity": "sha512-c/ERkx2J2hWxEDxOLhU1XtOlqpn8TPGII2B31lu9nW3sv0MTqDVbM51R2TXthJ0uxenDz1ubhapiYyF5eA1eFw==",
      "requires": {
        "@babel/runtime": "^7.3.1"
      }
    },
    "@loaders.gl/gltf": {
      "version": "1.2.2",
      "resolved": "https://registry.npmjs.org/@loaders.gl/gltf/-/gltf-1.2.2.tgz",
      "integrity": "sha512-3utaztlDK9JPmsXKx9wCmW5CjhSJ9bQyKGjhiI+pEgCNErkxcWBoypqFCq9f35bsMklROyzN57MptDQ7vcW1AA==",
      "requires": {
        "@loaders.gl/core": "1.2.2",
        "@loaders.gl/images": "1.2.2",
        "@loaders.gl/loader-utils": "1.2.2"
      }
    },
    "@loaders.gl/images": {
      "version": "1.2.2",
      "resolved": "https://registry.npmjs.org/@loaders.gl/images/-/images-1.2.2.tgz",
      "integrity": "sha512-F34f2q52Jj48nc5w5a+vTyCHIEC1TEApOjaCi/dWh4S51FmSLWO9mz8GGhZZu0PDPm7Mg1zgfOjgbqFNHdjAxg=="
    },
    "@loaders.gl/loader-utils": {
      "version": "1.2.2",
      "resolved": "https://registry.npmjs.org/@loaders.gl/loader-utils/-/loader-utils-1.2.2.tgz",
      "integrity": "sha512-nrOZFQB3jyTIOCgKpvaGCDnFyVBQ0QlSbe4ZH6bYLZfNvVc58WASvnTIH0mL9DoXur7JPKz8jkdsMtCl1YkZxg==",
      "requires": {
        "@babel/runtime": "^7.3.1"
      }
    },
    "@luma.gl/addons": {
      "version": "7.2.0",
      "resolved": "https://registry.npmjs.org/@luma.gl/addons/-/addons-7.2.0.tgz",
      "integrity": "sha512-LmS1lJAKLCmk56JKgCgN9fCk1YhUnw/aGlQt02Fh02+4cfyoBCNfHxfbzaMVIVVWK8IMsFDlX+eNVtKDCUItQw==",
      "requires": {
        "@loaders.gl/gltf": "^1.2.0",
        "@luma.gl/constants": "7.2.0",
        "math.gl": "^2.3.0"
      }
    },
    "@luma.gl/constants": {
      "version": "7.2.0",
      "resolved": "https://registry.npmjs.org/@luma.gl/constants/-/constants-7.2.0.tgz",
      "integrity": "sha512-VQFdTM3N8pxFLfjpLq5vO3CBVcbvyRKseTZ8zmkMFL3uCYrorE9v32vDHW+3hABaYaQc/Xw4J1mOrtyfzKtv3w=="
    },
    "@luma.gl/core": {
      "version": "7.2.0",
      "resolved": "https://registry.npmjs.org/@luma.gl/core/-/core-7.2.0.tgz",
      "integrity": "sha512-KbsgopiE62suHedDjUY7to6o9IdJA0dnE2aqDIk2uKcY0OcMWsoZGh25Y0N66Ouvy0sxAg/6dlS1v3qoLDcVyA==",
      "requires": {
        "@babel/runtime": "^7.0.0",
        "@luma.gl/constants": "7.2.0",
        "@luma.gl/shadertools": "7.2.0",
        "@luma.gl/webgl": "7.2.0",
        "@luma.gl/webgl-state-tracker": "7.2.0",
        "@luma.gl/webgl2-polyfill": "7.2.0",
        "math.gl": "^2.3.0",
        "probe.gl": "^3.0.2",
        "seer": "^0.2.4"
      }
    },
    "@luma.gl/shadertools": {
      "version": "7.2.0",
      "resolved": "https://registry.npmjs.org/@luma.gl/shadertools/-/shadertools-7.2.0.tgz",
      "integrity": "sha512-j4Bmc3fNTewi2El0xT/0hm5woLxKs635OJMuql8geznuXTEeWdxRziATN+ouhe1VbFTjjbu/L3CCYGrpiKZSjQ==",
      "requires": {
        "@babel/runtime": "^7.0.0",
        "math.gl": "^2.3.0"
      }
    },
    "@luma.gl/webgl": {
      "version": "7.2.0",
      "resolved": "https://registry.npmjs.org/@luma.gl/webgl/-/webgl-7.2.0.tgz",
      "integrity": "sha512-4KrhxZpGIZfIeBbGV1eyA0AJSwu72SgPiF+DWOm7KByK76pYTBSJviHxFAJtLxIoCkp1kgH7jQ/TCzLkg8GOeQ==",
      "requires": {
        "@babel/runtime": "^7.0.0",
        "@luma.gl/constants": "7.2.0",
        "@luma.gl/webgl-state-tracker": "7.2.0",
        "@luma.gl/webgl2-polyfill": "7.2.0",
        "probe.gl": "^3.0.2"
      }
    },
    "@luma.gl/webgl-state-tracker": {
      "version": "7.2.0",
      "resolved": "https://registry.npmjs.org/@luma.gl/webgl-state-tracker/-/webgl-state-tracker-7.2.0.tgz",
      "integrity": "sha512-RKiE0ksGTaPt+FmJA4iGKsPP9uYvqIr/auB0oZUKa4dNq8EqnvlhNSqpkkJrM9ZIuUreWuCQvDZYCU9rgTyrvw==",
      "requires": {
        "@babel/runtime": "^7.0.0",
        "@luma.gl/constants": "7.2.0"
      }
    },
    "@luma.gl/webgl2-polyfill": {
      "version": "7.2.0",
      "resolved": "https://registry.npmjs.org/@luma.gl/webgl2-polyfill/-/webgl2-polyfill-7.2.0.tgz",
      "integrity": "sha512-al/o8RyBhcK3a1RL0JsCvQXbl6QMmx6qazOOKNiRuHhFTa6H1Gh8Z6XcelT1F2dB6ys68/6Cg/QfAcAvwQlVyw==",
      "requires": {
        "@babel/runtime": "^7.0.0",
        "@luma.gl/constants": "7.2.0"
      }
    },
    "@mapbox/tiny-sdf": {
      "version": "1.1.1",
      "resolved": "https://registry.npmjs.org/@mapbox/tiny-sdf/-/tiny-sdf-1.1.1.tgz",
      "integrity": "sha512-Ihn1nZcGIswJ5XGbgFAvVumOgWpvIjBX9jiRlIl46uQG9vJOF51ViBYHF95rEZupuyQbEmhLaDPLQlU7fUTsBg=="
    },
    "@turf/bbox": {
      "version": "4.7.3",
      "resolved": "https://registry.npmjs.org/@turf/bbox/-/bbox-4.7.3.tgz",
      "integrity": "sha1-461PEKfptBtSKIDTMIMZgZkFkGc=",
      "requires": {
        "@turf/meta": "^4.7.3"
      }
    },
    "@turf/helpers": {
      "version": "4.7.3",
      "resolved": "https://registry.npmjs.org/@turf/helpers/-/helpers-4.7.3.tgz",
      "integrity": "sha1-vDEqxDyrPFMqSDFRxMOCxWSUKek="
    },
    "@turf/meta": {
      "version": "4.7.4",
      "resolved": "https://registry.npmjs.org/@turf/meta/-/meta-4.7.4.tgz",
      "integrity": "sha1-beLx6YkLj2S2aeS0fAmyCJMGOXc="
    },
    "@types/prop-types": {
      "version": "15.7.2",
      "resolved": "https://registry.npmjs.org/@types/prop-types/-/prop-types-15.7.2.tgz",
      "integrity": "sha512-f8JzJNWVhKtc9dg/dyDNfliTKNOJSLa7Oht/ElZdF/UbMUmAH3rLmAk3ODNjw0mZajDEgatA03tRjB4+Dp/tzA==",
      "dev": true
    },
    "@types/react": {
      "version": "16.9.2",
      "resolved": "https://registry.npmjs.org/@types/react/-/react-16.9.2.tgz",
      "integrity": "sha512-jYP2LWwlh+FTqGd9v7ynUKZzjj98T8x7Yclz479QdRhHfuW9yQ+0jjnD31eXSXutmBpppj5PYNLYLRfnZJvcfg==",
      "dev": true,
      "requires": {
        "@types/prop-types": "*",
        "csstype": "^2.2.0"
      }
    },
    "@types/react-dom": {
      "version": "16.9.0",
      "resolved": "https://registry.npmjs.org/@types/react-dom/-/react-dom-16.9.0.tgz",
      "integrity": "sha512-OL2lk7LYGjxn4b0efW3Pvf2KBVP0y1v3wip1Bp7nA79NkOpElH98q3WdCEdDj93b2b0zaeBG9DvriuKjIK5xDA==",
      "dev": true,
      "requires": {
        "@types/react": "*"
      }
    },
    "ansi-styles": {
      "version": "3.2.1",
      "resolved": "https://registry.npmjs.org/ansi-styles/-/ansi-styles-3.2.1.tgz",
      "integrity": "sha512-VT0ZI6kZRdTh8YyJw3SMbYm/u+NqfsAxEpWO0Pf9sq8/e94WxxOpPKx9FR1FlyCtOVDNOQ+8ntlqFxiRc+r5qA==",
      "dev": true,
      "requires": {
        "color-convert": "^1.9.0"
      }
    },
    "async": {
      "version": "2.6.3",
      "resolved": "https://registry.npmjs.org/async/-/async-2.6.3.tgz",
      "integrity": "sha512-zflvls11DCy+dQWzTW2dzuilv8Z5X/pjfmZOWba6TNIVDm+2UDaJmXSOXlasHKfNBs8oo3M0aT50fDEWfKZjXg==",
      "dev": true,
      "requires": {
        "lodash": "^4.17.14"
      }
    },
    "big.js": {
      "version": "5.2.2",
      "resolved": "https://registry.npmjs.org/big.js/-/big.js-5.2.2.tgz",
      "integrity": "sha512-vyL2OymJxmarO8gxMr0mhChsO9QGwhynfuu4+MHTAW6czfq9humCB7rKpUjDd9YUiDPU4mzpyupFSvOClAwbmQ==",
      "dev": true
    },
    "braces": {
      "version": "3.0.2",
      "resolved": "https://registry.npmjs.org/braces/-/braces-3.0.2.tgz",
      "integrity": "sha512-b8um+L1RzM3WDSzvhm6gIz1yfTbBt6YTlcEKAvsmqCZZFw46z626lVj9j1yEPW33H5H+lBQpZMP1k8l+78Ha0A==",
      "dev": true,
      "requires": {
        "fill-range": "^7.0.1"
      }
    },
    "chalk": {
      "version": "2.4.2",
      "resolved": "https://registry.npmjs.org/chalk/-/chalk-2.4.2.tgz",
      "integrity": "sha512-Mti+f9lpJNcwF4tWV8/OrTTtF1gZi+f8FqlyAdouralcFWFQWF2+NgCHShjkCb+IFBLq9buZwE1xckQU4peSuQ==",
      "dev": true,
      "requires": {
        "ansi-styles": "^3.2.1",
        "escape-string-regexp": "^1.0.5",
        "supports-color": "^5.3.0"
      }
    },
    "color-convert": {
      "version": "1.9.3",
      "resolved": "https://registry.npmjs.org/color-convert/-/color-convert-1.9.3.tgz",
      "integrity": "sha512-QfAUtd+vFdAtFQcC8CCyYt1fYWxSqAiK2cSD6zDB8N3cpsEBAvRxp9zOGg6G/SHHJYAT88/az/IuDGALsNVbGg==",
      "dev": true,
      "requires": {
        "color-name": "1.1.3"
      }
    },
    "color-name": {
      "version": "1.1.3",
      "resolved": "https://registry.npmjs.org/color-name/-/color-name-1.1.3.tgz",
      "integrity": "sha1-p9BVi9icQveV3UIyj3QIMcpTvCU=",
      "dev": true
    },
    "commander": {
      "version": "2.20.0",
      "resolved": "https://registry.npmjs.org/commander/-/commander-2.20.0.tgz",
      "integrity": "sha512-7j2y+40w61zy6YC2iRNpUe/NwhNyoXrYpHMrSunaMG64nRnaf96zO/KMQR4OyN/UnE5KLyEBnKHd4aG3rskjpQ=="
    },
    "core-util-is": {
      "version": "1.0.2",
      "resolved": "https://registry.npmjs.org/core-util-is/-/core-util-is-1.0.2.tgz",
      "integrity": "sha1-tf1UIgqivFq1eqtxQMlAdUUDwac=",
      "dev": true
    },
    "csstype": {
      "version": "2.6.6",
      "resolved": "https://registry.npmjs.org/csstype/-/csstype-2.6.6.tgz",
      "integrity": "sha512-RpFbQGUE74iyPgvr46U9t1xoQBM8T4BL8SxrN66Le2xYAPSaDJJKeztV3awugusb3g3G9iL8StmkBBXhcbbXhg==",
      "dev": true
    },
    "d3-dsv": {
      "version": "1.1.1",
      "resolved": "https://registry.npmjs.org/d3-dsv/-/d3-dsv-1.1.1.tgz",
      "integrity": "sha512-1EH1oRGSkeDUlDRbhsFytAXU6cAmXFzc52YUe6MRlPClmWb85MP1J5x+YJRzya4ynZWnbELdSAvATFW/MbxaXw==",
      "requires": {
        "commander": "2",
        "iconv-lite": "0.4",
        "rw": "1"
      }
    },
    "d3-hexbin": {
      "version": "0.2.2",
      "resolved": "https://registry.npmjs.org/d3-hexbin/-/d3-hexbin-0.2.2.tgz",
      "integrity": "sha1-nFg32s/UcasFM3qeke8Qv8T5iDE="
    },
    "deck.gl": {
      "version": "7.2.3",
      "resolved": "https://registry.npmjs.org/deck.gl/-/deck.gl-7.2.3.tgz",
      "integrity": "sha512-yO5ZFQO9dBWhkRahk+ceJzp65huprw3ypL8StEucFXJ8bMWsdZ4nLvV4tU+otCvQoYlPif2srDRkYIkTdID63w==",
      "requires": {
        "@deck.gl/aggregation-layers": "7.2.3",
        "@deck.gl/core": "7.2.3",
        "@deck.gl/extensions": "7.2.3",
        "@deck.gl/geo-layers": "7.2.3",
        "@deck.gl/google-maps": "7.2.3",
        "@deck.gl/json": "7.2.3",
        "@deck.gl/layers": "7.2.3",
        "@deck.gl/mapbox": "7.2.3",
        "@deck.gl/mesh-layers": "7.2.3",
        "@deck.gl/react": "7.2.3"
      }
    },
    "deep-equal": {
      "version": "1.0.1",
      "resolved": "https://registry.npmjs.org/deep-equal/-/deep-equal-1.0.1.tgz",
      "integrity": "sha1-9dJgKStmDghO/0zbyfCK0yR0SLU="
    },
    "earcut": {
      "version": "2.1.5",
      "resolved": "https://registry.npmjs.org/earcut/-/earcut-2.1.5.tgz",
      "integrity": "sha512-QFWC7ywTVLtvRAJTVp8ugsuuGQ5mVqNmJ1cRYeLrSHgP3nycr2RHTJob9OtM0v8ujuoKN0NY1a93J/omeTL1PA=="
    },
    "emojis-list": {
      "version": "2.1.0",
      "resolved": "https://registry.npmjs.org/emojis-list/-/emojis-list-2.1.0.tgz",
      "integrity": "sha1-TapNnbAPmBmIDHn6RXrlsJof04k=",
      "dev": true
    },
    "enhanced-resolve": {
      "version": "4.1.0",
      "resolved": "https://registry.npmjs.org/enhanced-resolve/-/enhanced-resolve-4.1.0.tgz",
      "integrity": "sha512-F/7vkyTtyc/llOIn8oWclcB25KdRaiPBpZYDgJHgh/UHtpgT2p2eldQgtQnLtUvfMKPKxbRaQM/hHkvLHt1Vng==",
      "dev": true,
      "requires": {
        "graceful-fs": "^4.1.2",
        "memory-fs": "^0.4.0",
        "tapable": "^1.0.0"
      }
    },
    "errno": {
      "version": "0.1.7",
      "resolved": "https://registry.npmjs.org/errno/-/errno-0.1.7.tgz",
      "integrity": "sha512-MfrRBDWzIWifgq6tJj60gkAwtLNb6sQPlcFrSOflcP1aFmmruKQ2wRnze/8V6kgyz7H3FF8Npzv78mZ7XLLflg==",
      "dev": true,
      "requires": {
        "prr": "~1.0.1"
      }
    },
    "escape-string-regexp": {
      "version": "1.0.5",
      "resolved": "https://registry.npmjs.org/escape-string-regexp/-/escape-string-regexp-1.0.5.tgz",
      "integrity": "sha1-G2HAViGQqN/2rjuyzwIAyhMLhtQ=",
      "dev": true
    },
    "fill-range": {
      "version": "7.0.1",
      "resolved": "https://registry.npmjs.org/fill-range/-/fill-range-7.0.1.tgz",
      "integrity": "sha512-qOo9F+dMUmC2Lcb4BbVvnKJxTPjCm+RRpe4gDuGrzkL7mEVl/djYSu2OdQ2Pa302N4oqkSg9ir6jaLWJ2USVpQ==",
      "dev": true,
      "requires": {
        "to-regex-range": "^5.0.1"
      }
    },
    "gl-matrix": {
      "version": "3.1.0",
      "resolved": "https://registry.npmjs.org/gl-matrix/-/gl-matrix-3.1.0.tgz",
      "integrity": "sha512-526NA+3EA+ztAQi0IZpSWiM0fyQXIp7IbRvfJ4wS/TjjQD0uv0fVybXwwqqSOlq33UckivI0yMDlVtboWm3k7A=="
    },
    "graceful-fs": {
      "version": "4.2.2",
      "resolved": "https://registry.npmjs.org/graceful-fs/-/graceful-fs-4.2.2.tgz",
      "integrity": "sha512-IItsdsea19BoLC7ELy13q1iJFNmd7ofZH5+X/pJr90/nRoPEX0DJo1dHDbgtYWOhJhcCgMDTOw84RZ72q6lB+Q==",
      "dev": true
    },
    "h3-js": {
      "version": "3.5.0",
      "resolved": "https://registry.npmjs.org/h3-js/-/h3-js-3.5.0.tgz",
      "integrity": "sha512-islEo18dWW8Zfot8o0MSVf4tq+XNyVI5nL15rXwsZHbTmI/kqITZYLkLjEoEs6Vbj4Jdye8cd4EePMjMWfo29w=="
    },
    "hammerjs": {
      "version": "2.0.8",
      "resolved": "https://registry.npmjs.org/hammerjs/-/hammerjs-2.0.8.tgz",
      "integrity": "sha1-BO93hiz/K7edMPdpIJWTAiK/YPE="
    },
    "has-flag": {
      "version": "3.0.0",
      "resolved": "https://registry.npmjs.org/has-flag/-/has-flag-3.0.0.tgz",
      "integrity": "sha1-tdRU3CGZriJWmfNGfloH87lVuv0=",
      "dev": true
    },
    "iconv-lite": {
      "version": "0.4.24",
      "resolved": "https://registry.npmjs.org/iconv-lite/-/iconv-lite-0.4.24.tgz",
      "integrity": "sha512-v3MXnZAcvnywkTUEZomIActle7RXXeedOR31wwl7VlyoXO4Qi9arvSenNQWne1TcRwhCL1HwLI21bEqdpj8/rA==",
      "requires": {
        "safer-buffer": ">= 2.1.2 < 3"
      }
    },
    "inherits": {
      "version": "2.0.4",
      "resolved": "https://registry.npmjs.org/inherits/-/inherits-2.0.4.tgz",
      "integrity": "sha512-k/vGaX4/Yla3WzyMCvTQOXYeIHvqOKtnqBduzTHpzpQZzAskKMhZ2K+EnBiSM9zGSoIFeMpXKxa4dYeZIQqewQ==",
      "dev": true
    },
    "is-number": {
      "version": "7.0.0",
      "resolved": "https://registry.npmjs.org/is-number/-/is-number-7.0.0.tgz",
      "integrity": "sha512-41Cifkg6e8TylSpdtTpeLVMqvSBEVzTttHvERD741+pnZ8ANv0004MRL43QKPDlK9cGvNp6NZWZUBlbGXYxxng==",
      "dev": true
    },
    "isarray": {
      "version": "1.0.0",
      "resolved": "https://registry.npmjs.org/isarray/-/isarray-1.0.0.tgz",
      "integrity": "sha1-u5NdSFgsuhaMBoNJV6VKPgcSTxE=",
      "dev": true
    },
    "js-tokens": {
      "version": "4.0.0",
      "resolved": "https://registry.npmjs.org/js-tokens/-/js-tokens-4.0.0.tgz",
      "integrity": "sha512-RdJUflcE3cUzKiMqQgsCu06FPu9UdIJO0beYbPhHN4k6apgJtifcoCtT9bcxOpYBtpD2kCM6Sbzg4CausW/PKQ=="
    },
    "json5": {
      "version": "1.0.1",
      "resolved": "https://registry.npmjs.org/json5/-/json5-1.0.1.tgz",
      "integrity": "sha512-aKS4WQjPenRxiQsC93MNfjx+nbF4PAdYzmd/1JIj8HYzqfbu86beTuNgXDzPknWk0n0uARlyewZo4s++ES36Ow==",
      "dev": true,
      "requires": {
        "minimist": "^1.2.0"
      }
    },
    "kdbush": {
      "version": "1.0.1",
      "resolved": "https://registry.npmjs.org/kdbush/-/kdbush-1.0.1.tgz",
      "integrity": "sha1-PL0D6d6tnA9vZszblkUOXOzGQOA="
    },
    "loader-utils": {
      "version": "1.2.3",
      "resolved": "https://registry.npmjs.org/loader-utils/-/loader-utils-1.2.3.tgz",
      "integrity": "sha512-fkpz8ejdnEMG3s37wGL07iSBDg99O9D5yflE9RGNH3hRdx9SOwYfnGYdZOUIZitN8E+E2vkq3MUMYMvPYl5ZZA==",
      "dev": true,
      "requires": {
        "big.js": "^5.2.2",
        "emojis-list": "^2.0.0",
        "json5": "^1.0.1"
      }
    },
    "lodash": {
      "version": "4.17.15",
      "resolved": "https://registry.npmjs.org/lodash/-/lodash-4.17.15.tgz",
      "integrity": "sha512-8xOcRHvCjnocdS5cpwXQXVzmmh5e5+saE2QGoeQmbKmRS6J3VQppPOIt0MnmE+4xlZoumy0GPG0D0MVIQbNA1A==",
      "dev": true
    },
    "long": {
      "version": "3.2.0",
      "resolved": "https://registry.npmjs.org/long/-/long-3.2.0.tgz",
      "integrity": "sha1-2CG3E4yhy1gcFymQ7xTbIAtcR0s="
    },
    "loose-envify": {
      "version": "1.4.0",
      "resolved": "https://registry.npmjs.org/loose-envify/-/loose-envify-1.4.0.tgz",
      "integrity": "sha512-lyuxPGr/Wfhrlem2CL/UcnUc1zcqKAImBDzukY7Y5F/yQiNdko6+fRLevlw1HgMySw7f611UIY408EtxRSoK3Q==",
      "requires": {
        "js-tokens": "^3.0.0 || ^4.0.0"
      }
    },
    "math.gl": {
      "version": "2.3.3",
      "resolved": "https://registry.npmjs.org/math.gl/-/math.gl-2.3.3.tgz",
      "integrity": "sha512-wZhx7574KHUpJVMzkaQ559zfn3R8iB0BOilwNrfL/fOLQfPo2TPWsKX96PdfS4svKA2XIGi3yfizrv2Redcv0g==",
      "requires": {
        "@babel/runtime": "^7.0.0",
        "gl-matrix": "^3.0.0"
      }
    },
    "memory-fs": {
      "version": "0.4.1",
      "resolved": "https://registry.npmjs.org/memory-fs/-/memory-fs-0.4.1.tgz",
      "integrity": "sha1-OpoguEYlI+RHz7x+i7gO1me/xVI=",
      "dev": true,
      "requires": {
        "errno": "^0.1.3",
        "readable-stream": "^2.0.1"
      }
    },
    "micromatch": {
      "version": "4.0.2",
      "resolved": "https://registry.npmjs.org/micromatch/-/micromatch-4.0.2.tgz",
      "integrity": "sha512-y7FpHSbMUMoyPbYUSzO6PaZ6FyRnQOpHuKwbo1G+Knck95XVU4QAiKdGEnj5wwoS7PlOgthX/09u5iFJ+aYf5Q==",
      "dev": true,
      "requires": {
        "braces": "^3.0.1",
        "picomatch": "^2.0.5"
      }
    },
    "minimist": {
      "version": "1.2.0",
      "resolved": "https://registry.npmjs.org/minimist/-/minimist-1.2.0.tgz",
      "integrity": "sha1-o1AIsg9BOD7sH7kU9M1d95omQoQ=",
      "dev": true
    },
    "mjolnir.js": {
      "version": "2.2.1",
      "resolved": "https://registry.npmjs.org/mjolnir.js/-/mjolnir.js-2.2.1.tgz",
      "integrity": "sha512-bUTP/NbwOfdrN4TKMjUcarfGmWU5yN6aHFR1ek7BNuFOwHk4PslUZjKzdOp1jwx2m0uCoRa5lG+x82l8Vii7Ng==",
      "requires": {
        "@babel/runtime": "^7.0.0",
        "hammerjs": "^2.0.8"
      }
    },
    "object-assign": {
      "version": "4.1.1",
      "resolved": "https://registry.npmjs.org/object-assign/-/object-assign-4.1.1.tgz",
      "integrity": "sha1-IQmtx5ZYh8/AXLvUQsrIv7s2CGM="
    },
    "picomatch": {
      "version": "2.0.7",
      "resolved": "https://registry.npmjs.org/picomatch/-/picomatch-2.0.7.tgz",
      "integrity": "sha512-oLHIdio3tZ0qH76NybpeneBhYVj0QFTfXEFTc/B3zKQspYfYYkWYgFsmzo+4kvId/bQRcNkVeguI3y+CD22BtA==",
      "dev": true
    },
    "probe.gl": {
      "version": "3.0.3",
      "resolved": "https://registry.npmjs.org/probe.gl/-/probe.gl-3.0.3.tgz",
      "integrity": "sha512-nkE+rh4m2JRQqorW327X7rVogknVmNvgrtcDG4F3OxckAIHSi4l/PUPy6GVaI6PIUJC7CYx4WYwcdgh4RUJe7A==",
      "requires": {
        "@babel/runtime": "^7.0.0"
      }
    },
    "process-nextick-args": {
      "version": "2.0.1",
      "resolved": "https://registry.npmjs.org/process-nextick-args/-/process-nextick-args-2.0.1.tgz",
      "integrity": "sha512-3ouUOpQhtgrbOa17J7+uxOTpITYWaGP7/AhoR3+A+/1e9skrzelGi/dXzEYyvbxubEF6Wn2ypscTKiKJFFn1ag==",
      "dev": true
    },
    "prop-types": {
      "version": "15.7.2",
      "resolved": "https://registry.npmjs.org/prop-types/-/prop-types-15.7.2.tgz",
      "integrity": "sha512-8QQikdH7//R2vurIJSutZ1smHYTcLpRWEOlHnzcWHmBYrOGUysKwSsrC89BCiFj3CbrfJ/nXFdJepOVrY1GCHQ==",
      "requires": {
        "loose-envify": "^1.4.0",
        "object-assign": "^4.1.1",
        "react-is": "^16.8.1"
      }
    },
    "prr": {
      "version": "1.0.1",
      "resolved": "https://registry.npmjs.org/prr/-/prr-1.0.1.tgz",
      "integrity": "sha1-0/wRS6BplaRexok/SEzrHXj19HY=",
      "dev": true
    },
    "react": {
      "version": "16.9.0",
      "resolved": "https://registry.npmjs.org/react/-/react-16.9.0.tgz",
      "integrity": "sha512-+7LQnFBwkiw+BobzOF6N//BdoNw0ouwmSJTEm9cglOOmsg/TMiFHZLe2sEoN5M7LgJTj9oHH0gxklfnQe66S1w==",
      "requires": {
        "loose-envify": "^1.1.0",
        "object-assign": "^4.1.1",
        "prop-types": "^15.6.2"
      }
    },
    "react-dom": {
      "version": "16.9.0",
      "resolved": "https://registry.npmjs.org/react-dom/-/react-dom-16.9.0.tgz",
      "integrity": "sha512-YFT2rxO9hM70ewk9jq0y6sQk8cL02xm4+IzYBz75CQGlClQQ1Bxq0nhHF6OtSbit+AIahujJgb/CPRibFkMNJQ==",
      "requires": {
        "loose-envify": "^1.1.0",
        "object-assign": "^4.1.1",
        "prop-types": "^15.6.2",
        "scheduler": "^0.15.0"
      }
    },
    "react-is": {
      "version": "16.9.0",
      "resolved": "https://registry.npmjs.org/react-is/-/react-is-16.9.0.tgz",
      "integrity": "sha512-tJBzzzIgnnRfEm046qRcURvwQnZVXmuCbscxUO5RWrGTXpon2d4c8mI0D8WE6ydVIm29JiLB6+RslkIvym9Rjw=="
    },
    "react-mapbox-gl": {
      "version": "4.6.0",
      "resolved": "https://registry.npmjs.org/react-mapbox-gl/-/react-mapbox-gl-4.6.0.tgz",
      "integrity": "sha512-+7v9ZeD3Fi44u+e/0OCptlafOriyF94F9C7RhoMr0d4Mn9nfwN2IfNy4fhCh2QhMAZGlvhjId2DARM51t1NvIQ==",
      "requires": {
        "@turf/bbox": "4.7.3",
        "@turf/helpers": "4.7.3",
        "deep-equal": "1.0.1",
        "supercluster": "3.0.2"
      }
    },
    "readable-stream": {
      "version": "2.3.6",
      "resolved": "https://registry.npmjs.org/readable-stream/-/readable-stream-2.3.6.tgz",
      "integrity": "sha512-tQtKA9WIAhBF3+VLAseyMqZeBjW0AHJoxOtYqSUZNJxauErmLbVm2FW1y+J/YA9dUrAC39ITejlZWhVIwawkKw==",
      "dev": true,
      "requires": {
        "core-util-is": "~1.0.0",
        "inherits": "~2.0.3",
        "isarray": "~1.0.0",
        "process-nextick-args": "~2.0.0",
        "safe-buffer": "~5.1.1",
        "string_decoder": "~1.1.1",
        "util-deprecate": "~1.0.1"
      }
    },
    "regenerator-runtime": {
      "version": "0.13.3",
      "resolved": "https://registry.npmjs.org/regenerator-runtime/-/regenerator-runtime-0.13.3.tgz",
      "integrity": "sha512-naKIZz2GQ8JWh///G7L3X6LaQUAMp2lvb1rvwwsURe/VXwD6VMfr+/1NuNw3ag8v2kY1aQ/go5SNn79O9JU7yw=="
    },
    "rw": {
      "version": "1.3.3",
      "resolved": "https://registry.npmjs.org/rw/-/rw-1.3.3.tgz",
      "integrity": "sha1-P4Yt+pGrdmsUiF700BEkv9oHT7Q="
    },
    "s2-geometry": {
      "version": "1.2.10",
      "resolved": "https://registry.npmjs.org/s2-geometry/-/s2-geometry-1.2.10.tgz",
      "integrity": "sha1-xv8i8+zK/Q7qSRtgtEwUG5iHrKs=",
      "requires": {
        "long": "^3.2.0"
      }
    },
    "safe-buffer": {
      "version": "5.1.2",
      "resolved": "https://registry.npmjs.org/safe-buffer/-/safe-buffer-5.1.2.tgz",
      "integrity": "sha512-Gd2UZBJDkXlY7GbJxfsE8/nvKkUEU1G38c1siN6QP6a9PT9MmHB8GnpscSmMJSoF8LOIrt8ud/wPtojys4G6+g==",
      "dev": true
    },
    "safer-buffer": {
      "version": "2.1.2",
      "resolved": "https://registry.npmjs.org/safer-buffer/-/safer-buffer-2.1.2.tgz",
      "integrity": "sha512-YZo3K82SD7Riyi0E1EQPojLz7kpepnSQI9IyPbHHg1XXXevb5dJI7tpyN2ADxGcQbHG7vcyRHk0cbwqcQriUtg=="
    },
    "scheduler": {
      "version": "0.15.0",
      "resolved": "https://registry.npmjs.org/scheduler/-/scheduler-0.15.0.tgz",
      "integrity": "sha512-xAefmSfN6jqAa7Kuq7LIJY0bwAPG3xlCj0HMEBQk1lxYiDKZscY2xJ5U/61ZTrYbmNQbXa+gc7czPkVo11tnCg==",
      "requires": {
        "loose-envify": "^1.1.0",
        "object-assign": "^4.1.1"
      }
    },
    "seer": {
      "version": "0.2.5",
      "resolved": "https://registry.npmjs.org/seer/-/seer-0.2.5.tgz",
      "integrity": "sha512-//0Zwt0x97KQhIWrp4oq9AVNvGA2ctCx4dmFddpkORjRr6bW+hyC8eOhWBVIhiU3uHv1XLU1dekfFKOi28RGHA=="
    },
    "semver": {
      "version": "6.3.0",
      "resolved": "https://registry.npmjs.org/semver/-/semver-6.3.0.tgz",
      "integrity": "sha512-b39TBaTSfV6yBrapU89p5fKekE2m/NwnDocOVruQFS1/veMgdzuPcnOM34M6CwxW8jH/lxEa5rBoDeUwu5HHTw==",
      "dev": true
    },
    "source-map-loader": {
      "version": "0.2.4",
      "resolved": "https://registry.npmjs.org/source-map-loader/-/source-map-loader-0.2.4.tgz",
      "integrity": "sha512-OU6UJUty+i2JDpTItnizPrlpOIBLmQbWMuBg9q5bVtnHACqw1tn9nNwqJLbv0/00JjnJb/Ee5g5WS5vrRv7zIQ==",
      "dev": true,
      "requires": {
        "async": "^2.5.0",
        "loader-utils": "^1.1.0"
      }
    },
    "string_decoder": {
      "version": "1.1.1",
      "resolved": "https://registry.npmjs.org/string_decoder/-/string_decoder-1.1.1.tgz",
      "integrity": "sha512-n/ShnvDi6FHbbVfviro+WojiFzv+s8MPMHBczVePfUpDJLwoLT0ht1l4YwBCbi8pJAveEEdnkHyPyTP/mzRfwg==",
      "dev": true,
      "requires": {
        "safe-buffer": "~5.1.0"
      }
    },
    "supercluster": {
      "version": "3.0.2",
      "resolved": "https://registry.npmjs.org/supercluster/-/supercluster-3.0.2.tgz",
      "integrity": "sha512-3Fm2/9YcoCE26M4FlSkGU7xYYpDAFWlxaChdx31h0I08ywRhcF2W1NKbsi+APqaxxn8TSXH/HvMhl4nEf+9lJA==",
      "requires": {
        "kdbush": "^1.0.1"
      }
    },
    "supports-color": {
      "version": "5.5.0",
      "resolved": "https://registry.npmjs.org/supports-color/-/supports-color-5.5.0.tgz",
      "integrity": "sha512-QjVjwdXIt408MIiAqCX4oUKsgU2EqAGzs2Ppkm4aQYbjm+ZEWEcW4SfFNTr4uMNZma0ey4f5lgLrkB0aX0QMow==",
      "dev": true,
      "requires": {
        "has-flag": "^3.0.0"
      }
    },
    "tapable": {
      "version": "1.1.3",
      "resolved": "https://registry.npmjs.org/tapable/-/tapable-1.1.3.tgz",
      "integrity": "sha512-4WK/bYZmj8xLr+HUCODHGF1ZFzsYffasLUgEiMBY4fgtltdO6B4WJtlSbPaDTLpYTcGVwM2qLnFTICEcNxs3kA==",
      "dev": true
    },
    "to-regex-range": {
      "version": "5.0.1",
      "resolved": "https://registry.npmjs.org/to-regex-range/-/to-regex-range-5.0.1.tgz",
      "integrity": "sha512-65P7iz6X5yEr1cwcgvQxbbIw7Uk3gOy5dIdtZ4rDveLqhrdJP+Li/Hx6tyK0NEb+2GCyneCMJiGqrADCSNk8sQ==",
      "dev": true,
      "requires": {
        "is-number": "^7.0.0"
      }
    },
    "ts-loader": {
      "version": "6.0.4",
      "resolved": "https://registry.npmjs.org/ts-loader/-/ts-loader-6.0.4.tgz",
      "integrity": "sha512-p2zJYe7OtwR+49kv4gs7v4dMrfYD1IPpOtqiSPCbe8oR+4zEBtdHwzM7A7M91F+suReqgzZrlClk4LRSSp882g==",
      "dev": true,
      "requires": {
        "chalk": "^2.3.0",
        "enhanced-resolve": "^4.0.0",
        "loader-utils": "^1.0.2",
        "micromatch": "^4.0.0",
        "semver": "^6.0.0"
      }
    },
    "typescript": {
      "version": "3.6.2",
      "resolved": "https://registry.npmjs.org/typescript/-/typescript-3.6.2.tgz",
      "integrity": "sha512-lmQ4L+J6mnu3xweP8+rOrUwzmN+MRAj7TgtJtDaXE5PMyX2kCrklhg3rvOsOIfNeAWMQWO2F1GPc1kMD2vLAfw==",
      "dev": true
    },
    "util-deprecate": {
      "version": "1.0.2",
      "resolved": "https://registry.npmjs.org/util-deprecate/-/util-deprecate-1.0.2.tgz",
      "integrity": "sha1-RQ1Nyfpw3nMnYvvS1KKJgUGaDM8=",
      "dev": true
    },
    "viewport-mercator-project": {
      "version": "6.2.1",
      "resolved": "https://registry.npmjs.org/viewport-mercator-project/-/viewport-mercator-project-6.2.1.tgz",
      "integrity": "sha512-Ns0KExngwGkX/QZCAzYbqh3TTI8LKeO8pOphZN4mZmp/+wO/HqDacbztwXMdrTLy57ToolT4XrAH2NhuK7Nyfw==",
      "requires": {
        "@babel/runtime": "^7.0.0",
        "gl-matrix": "^3.0.0"
      }
    }
  }
}
